
Microsoft Visual Studio Solution File, Format Version 12.00
# Visual Studio Version 17
VisualStudioVersion = 17.7.34024.191
MinimumVisualStudioVersion = 10.0.40219.1
Project("{8BC9CEB8-8B4A-11D0-8D11-00A0C91BC942}") = "QuizGame", "QuizGame\QuizGame.vcxproj", "{D01110C2-CC30-4595-A4D4-6441EC6B3E4E}"
EndProject
Global
	GlobalSection(SolutionConfigurationPlatforms) = preSolution
		Debug|x64 = Debug|x64
		Debug|x86 = Debug|x86
		Release|x64 = Release|x64
		Release|x86 = Release|x86
	EndGlobalSection
	GlobalSection(ProjectConfigurationPlatforms) = postSolution
		{D01110C2-CC30-4595-A4D4-6441EC6B3E4E}.Debug|x64.ActiveCfg = Debug|x64
		{D01110C2-CC30-4595-A4D4-6441EC6B3E4E}.Debug|x64.Build.0 = Debug|x64
		{D01110C2-CC30-4595-A4D4-6441EC6B3E4E}.Debug|x86.ActiveCfg = Debug|Win32
		{D01110C2-CC30-4595-A4D4-6441EC6B3E4E}.Debug|x86.Build.0 = Debug|Win32
		{D01110C2-CC30-4595-A4D4-6441EC6B3E4E}.Release|x64.ActiveCfg = Release|x64
		{D01110C2-CC30-4595-A4D4-6441EC6B3E4E}.Release|x64.Build.0 = Release|x64
		{D01110C2-CC30-4595-A4D4-6441EC6B3E4E}.Release|x86.ActiveCfg = Release|Win32
		{D01110C2-CC30-4595-A4D4-6441EC6B3E4E}.Release|x86.Build.0 = Release|Win32
	EndGlobalSection
	GlobalSection(SolutionProperties) = preSolution
		HideSolutionNode = FALSE
	EndGlobalSection
	GlobalSection(ExtensibilityGlobals) = postSolution
		SolutionGuid = {E060332B-3350-4674-B594-9559BA1BCD03}
	EndGlobalSection
EndGlobal
